
Microsoft Visual Studio Solution File, Format Version 12.00
# Visual Studio Version 16
VisualStudioVersion = 16.0.30804.86
MinimumVisualStudioVersion = 10.0.40219.1
Project("{FAE04EC0-301F-11D3-BF4B-00C04F79EFBC}") = "ServiceAppApi", "ServiceAppApi\ServiceAppApi.csproj", "{91F8D6FC-A18B-4134-9D6A-95F9029F55EC}"
EndProject
Global
	GlobalSection(SolutionConfigurationPlatforms) = preSolution
		Debug|Any CPU = Debug|Any CPU
		Release|Any CPU = Release|Any CPU
	EndGlobalSection
	GlobalSection(ProjectConfigurationPlatforms) = postSolution
		{91F8D6FC-A18B-4134-9D6A-95F9029F55EC}.Debug|Any CPU.ActiveCfg = Debug|Any CPU
		{91F8D6FC-A18B-4134-9D6A-95F9029F55EC}.Debug|Any CPU.Build.0 = Debug|Any CPU
		{91F8D6FC-A18B-4134-9D6A-95F9029F55EC}.Release|Any CPU.ActiveCfg = Release|Any CPU
		{91F8D6FC-A18B-4134-9D6A-95F9029F55EC}.Release|Any CPU.Build.0 = Release|Any CPU
	EndGlobalSection
	GlobalSection(SolutionProperties) = preSolution
		HideSolutionNode = FALSE
	EndGlobalSection
	GlobalSection(ExtensibilityGlobals) = postSolution
		SolutionGuid = {B972EA8A-88A8-406D-8840-2678299CC200}
	EndGlobalSection
EndGlobal
